
Microsoft Visual Studio Solution File, Format Version 12.00
# Visual Studio Version 16
VisualStudioVersion = 16.0.31313.79
MinimumVisualStudioVersion = 10.0.40219.1
Project("{9A19103F-16F7-4668-BE54-9A1E7A4F7556}") = "Teste.Implementacao", "Teste.Implementacao\Teste.Implementacao.csproj", "{DB9E0DD9-34AC-4651-8C29-97534F2B024C}"
EndProject
Project("{9A19103F-16F7-4668-BE54-9A1E7A4F7556}") = "Teste.Servicos", "Teste.Servicos\Teste.Servicos\Teste.Servicos.csproj", "{4D30D741-4912-4EB3-8B6D-E4BA53DA32AB}"
EndProject
Global
	GlobalSection(SolutionConfigurationPlatforms) = preSolution
		Debug|Any CPU = Debug|Any CPU
		Release|Any CPU = Release|Any CPU
	EndGlobalSection
	GlobalSection(ProjectConfigurationPlatforms) = postSolution
		{DB9E0DD9-34AC-4651-8C29-97534F2B024C}.Debug|Any CPU.ActiveCfg = Debug|Any CPU
		{DB9E0DD9-34AC-4651-8C29-97534F2B024C}.Debug|Any CPU.Build.0 = Debug|Any CPU
		{DB9E0DD9-34AC-4651-8C29-97534F2B024C}.Release|Any CPU.ActiveCfg = Release|Any CPU
		{DB9E0DD9-34AC-4651-8C29-97534F2B024C}.Release|Any CPU.Build.0 = Release|Any CPU
		{4D30D741-4912-4EB3-8B6D-E4BA53DA32AB}.Debug|Any CPU.ActiveCfg = Debug|Any CPU
		{4D30D741-4912-4EB3-8B6D-E4BA53DA32AB}.Debug|Any CPU.Build.0 = Debug|Any CPU
		{4D30D741-4912-4EB3-8B6D-E4BA53DA32AB}.Release|Any CPU.ActiveCfg = Release|Any CPU
		{4D30D741-4912-4EB3-8B6D-E4BA53DA32AB}.Release|Any CPU.Build.0 = Release|Any CPU
	EndGlobalSection
	GlobalSection(SolutionProperties) = preSolution
		HideSolutionNode = FALSE
	EndGlobalSection
	GlobalSection(ExtensibilityGlobals) = postSolution
		SolutionGuid = {336DE771-F6F8-4019-A12D-F2B00A5D0239}
	EndGlobalSection
EndGlobal
